
Microsoft Visual Studio Solution File, Format Version 12.00
# Visual Studio Version 17
VisualStudioVersion = 17.10.34928.147
MinimumVisualStudioVersion = 10.0.40219.1
Project("{9A19103F-16F7-4668-BE54-9A1E7A4F7556}") = "ERP", "ERP\ERP.csproj", "{EC5EF93A-0120-420F-9867-2BC4E03E8667}"
EndProject
Global
	GlobalSection(SolutionConfigurationPlatforms) = preSolution
		Debug|Any CPU = Debug|Any CPU
		Release|Any CPU = Release|Any CPU
	EndGlobalSection
	GlobalSection(ProjectConfigurationPlatforms) = postSolution
		{EC5EF93A-0120-420F-9867-2BC4E03E8667}.Debug|Any CPU.ActiveCfg = Debug|Any CPU
		{EC5EF93A-0120-420F-9867-2BC4E03E8667}.Debug|Any CPU.Build.0 = Debug|Any CPU
		{EC5EF93A-0120-420F-9867-2BC4E03E8667}.Release|Any CPU.ActiveCfg = Release|Any CPU
		{EC5EF93A-0120-420F-9867-2BC4E03E8667}.Release|Any CPU.Build.0 = Release|Any CPU
	EndGlobalSection
	GlobalSection(SolutionProperties) = preSolution
		HideSolutionNode = FALSE
	EndGlobalSection
	GlobalSection(ExtensibilityGlobals) = postSolution
		SolutionGuid = {B1F3BABC-2955-45FB-8056-A7393AD3051C}
	EndGlobalSection
EndGlobal
